
Microsoft Visual Studio Solution File, Format Version 12.00
# Visual Studio Version 16
VisualStudioVersion = 16.0.29911.84
MinimumVisualStudioVersion = 10.0.40219.1
Project("{9A19103F-16F7-4668-BE54-9A1E7A4F7556}") = "SQLtest.App", "SQLtest.App\SQLtest.App.csproj", "{172710B9-FC8B-4E3C-9FF6-5F456AB1EFA2}"
EndProject
Project("{FAE04EC0-301F-11D3-BF4B-00C04F79EFBC}") = "SQLtest.Library", "SQLtest.Library\SQLtest.Library.csproj", "{E6A47006-EC41-4232-A417-3A1D8985C732}"
EndProject
Global
	GlobalSection(SolutionConfigurationPlatforms) = preSolution
		Debug|Any CPU = Debug|Any CPU
		Release|Any CPU = Release|Any CPU
	EndGlobalSection
	GlobalSection(ProjectConfigurationPlatforms) = postSolution
		{172710B9-FC8B-4E3C-9FF6-5F456AB1EFA2}.Debug|Any CPU.ActiveCfg = Debug|Any CPU
		{172710B9-FC8B-4E3C-9FF6-5F456AB1EFA2}.Debug|Any CPU.Build.0 = Debug|Any CPU
		{172710B9-FC8B-4E3C-9FF6-5F456AB1EFA2}.Release|Any CPU.ActiveCfg = Release|Any CPU
		{172710B9-FC8B-4E3C-9FF6-5F456AB1EFA2}.Release|Any CPU.Build.0 = Release|Any CPU
		{E6A47006-EC41-4232-A417-3A1D8985C732}.Debug|Any CPU.ActiveCfg = Debug|Any CPU
		{E6A47006-EC41-4232-A417-3A1D8985C732}.Debug|Any CPU.Build.0 = Debug|Any CPU
		{E6A47006-EC41-4232-A417-3A1D8985C732}.Release|Any CPU.ActiveCfg = Release|Any CPU
		{E6A47006-EC41-4232-A417-3A1D8985C732}.Release|Any CPU.Build.0 = Release|Any CPU
	EndGlobalSection
	GlobalSection(SolutionProperties) = preSolution
		HideSolutionNode = FALSE
	EndGlobalSection
	GlobalSection(ExtensibilityGlobals) = postSolution
		SolutionGuid = {172E306B-406E-41BE-9C1C-348732545CD4}
	EndGlobalSection
EndGlobal
